
Microsoft Visual Studio Solution File, Format Version 12.00
# Visual Studio Version 17
VisualStudioVersion = 17.12.35527.113 d17.12
MinimumVisualStudioVersion = 10.0.40219.1
Project("{FAE04EC0-301F-11D3-BF4B-00C04F79EFBC}") = "Exercises-25.02.2025", "Exercises-25.02.2025.csproj", "{05519FD9-CA98-448F-B74E-ABFCFD8D848D}"
EndProject
Global
	GlobalSection(SolutionConfigurationPlatforms) = preSolution
		Debug|Any CPU = Debug|Any CPU
		Release|Any CPU = Release|Any CPU
	EndGlobalSection
	GlobalSection(ProjectConfigurationPlatforms) = postSolution
		{05519FD9-CA98-448F-B74E-ABFCFD8D848D}.Debug|Any CPU.ActiveCfg = Debug|Any CPU
		{05519FD9-CA98-448F-B74E-ABFCFD8D848D}.Debug|Any CPU.Build.0 = Debug|Any CPU
		{05519FD9-CA98-448F-B74E-ABFCFD8D848D}.Release|Any CPU.ActiveCfg = Release|Any CPU
		{05519FD9-CA98-448F-B74E-ABFCFD8D848D}.Release|Any CPU.Build.0 = Release|Any CPU
	EndGlobalSection
	GlobalSection(SolutionProperties) = preSolution
		HideSolutionNode = FALSE
	EndGlobalSection
EndGlobal
